
Microsoft Visual Studio Solution File, Format Version 12.00
# Visual Studio 15
VisualStudioVersion = 15.0.27703.2026
MinimumVisualStudioVersion = 10.0.40219.1
Project("{2150E333-8FDC-42A3-9474-1A3956D46DE8}") = "Solution Items", "Solution Items", "{20052A92-814F-4EDC-AA26-2C3FE935F8B5}"
	ProjectSection(SolutionItems) = preProject
		.editorconfig = .editorconfig
		.gitignore = .gitignore
		CodeAnalysis.ruleset = CodeAnalysis.ruleset
	EndProjectSection
EndProject
Project("{9A19103F-16F7-4668-BE54-9A1E7A4F7556}") = "EntityManagement.Models", "EntityManagement.Models\EntityManagement.Models.csproj", "{AE96B0D1-CA32-4583-BE38-F3C63C3B3492}"
EndProject
Project("{9A19103F-16F7-4668-BE54-9A1E7A4F7556}") = "EntityManagement.Data", "EntityManagement.Data\EntityManagement.Data.csproj", "{DF246723-707B-4F99-A375-F4647873E5F0}"
EndProject
Project("{FAE04EC0-301F-11D3-BF4B-00C04F79EFBC}") = "EntityManagement.Logic", "EntityManagement.Logic\EntityManagement.Logic.csproj", "{4E7DAFD5-1C02-4509-AB04-4938176C8ABA}"
EndProject
Global
	GlobalSection(SolutionConfigurationPlatforms) = preSolution
		Debug|Any CPU = Debug|Any CPU
		Release|Any CPU = Release|Any CPU
	EndGlobalSection
	GlobalSection(ProjectConfigurationPlatforms) = postSolution
		{AE96B0D1-CA32-4583-BE38-F3C63C3B3492}.Debug|Any CPU.ActiveCfg = Debug|Any CPU
		{AE96B0D1-CA32-4583-BE38-F3C63C3B3492}.Debug|Any CPU.Build.0 = Debug|Any CPU
		{AE96B0D1-CA32-4583-BE38-F3C63C3B3492}.Release|Any CPU.ActiveCfg = Release|Any CPU
		{AE96B0D1-CA32-4583-BE38-F3C63C3B3492}.Release|Any CPU.Build.0 = Release|Any CPU
		{DF246723-707B-4F99-A375-F4647873E5F0}.Debug|Any CPU.ActiveCfg = Debug|Any CPU
		{DF246723-707B-4F99-A375-F4647873E5F0}.Debug|Any CPU.Build.0 = Debug|Any CPU
		{DF246723-707B-4F99-A375-F4647873E5F0}.Release|Any CPU.ActiveCfg = Release|Any CPU
		{DF246723-707B-4F99-A375-F4647873E5F0}.Release|Any CPU.Build.0 = Release|Any CPU
		{4E7DAFD5-1C02-4509-AB04-4938176C8ABA}.Debug|Any CPU.ActiveCfg = Debug|Any CPU
		{4E7DAFD5-1C02-4509-AB04-4938176C8ABA}.Debug|Any CPU.Build.0 = Debug|Any CPU
		{4E7DAFD5-1C02-4509-AB04-4938176C8ABA}.Release|Any CPU.ActiveCfg = Release|Any CPU
		{4E7DAFD5-1C02-4509-AB04-4938176C8ABA}.Release|Any CPU.Build.0 = Release|Any CPU
	EndGlobalSection
	GlobalSection(SolutionProperties) = preSolution
		HideSolutionNode = FALSE
	EndGlobalSection
	GlobalSection(ExtensibilityGlobals) = postSolution
		SolutionGuid = {B5AF780E-7B24-435A-B011-E1DC1F5E0C76}
	EndGlobalSection
EndGlobal
